
Microsoft Visual Studio Solution File, Format Version 12.00
# Visual Studio Version 16
VisualStudioVersion = 16.0.31410.357
MinimumVisualStudioVersion = 10.0.40219.1
Project("{FAE04EC0-301F-11D3-BF4B-00C04F79EFBC}") = "VMathLaba1.2", "VMathLaba1.2\VMathLaba1.2.csproj", "{C1E55858-A770-4FCF-9238-6DCF2EC1A44A}"
EndProject
Global
	GlobalSection(SolutionConfigurationPlatforms) = preSolution
		Debug|Any CPU = Debug|Any CPU
		Release|Any CPU = Release|Any CPU
	EndGlobalSection
	GlobalSection(ProjectConfigurationPlatforms) = postSolution
		{C1E55858-A770-4FCF-9238-6DCF2EC1A44A}.Debug|Any CPU.ActiveCfg = Debug|Any CPU
		{C1E55858-A770-4FCF-9238-6DCF2EC1A44A}.Debug|Any CPU.Build.0 = Debug|Any CPU
		{C1E55858-A770-4FCF-9238-6DCF2EC1A44A}.Release|Any CPU.ActiveCfg = Release|Any CPU
		{C1E55858-A770-4FCF-9238-6DCF2EC1A44A}.Release|Any CPU.Build.0 = Release|Any CPU
	EndGlobalSection
	GlobalSection(SolutionProperties) = preSolution
		HideSolutionNode = FALSE
	EndGlobalSection
	GlobalSection(ExtensibilityGlobals) = postSolution
		SolutionGuid = {6060E2EF-FEC4-4620-B361-ECA69DDC4654}
	EndGlobalSection
EndGlobal
